
Microsoft Visual Studio Solution File, Format Version 12.00
# Visual Studio Version 16
VisualStudioVersion = 16.0.32228.343
MinimumVisualStudioVersion = 10.0.40219.1
Project("{8BC9CEB8-8B4A-11D0-8D11-00A0C91BC942}") = "tutorial 9 repo desde cero", "tutorial 9 repo desde cero\tutorial 9 repo desde cero.vcxproj", "{A49F1E63-A2BD-4EA9-8CF8-D315FFE088A3}"
EndProject
Global
	GlobalSection(SolutionConfigurationPlatforms) = preSolution
		Debug|x64 = Debug|x64
		Debug|x86 = Debug|x86
		Release|x64 = Release|x64
		Release|x86 = Release|x86
	EndGlobalSection
	GlobalSection(ProjectConfigurationPlatforms) = postSolution
		{A49F1E63-A2BD-4EA9-8CF8-D315FFE088A3}.Debug|x64.ActiveCfg = Debug|x64
		{A49F1E63-A2BD-4EA9-8CF8-D315FFE088A3}.Debug|x64.Build.0 = Debug|x64
		{A49F1E63-A2BD-4EA9-8CF8-D315FFE088A3}.Debug|x86.ActiveCfg = Debug|Win32
		{A49F1E63-A2BD-4EA9-8CF8-D315FFE088A3}.Debug|x86.Build.0 = Debug|Win32
		{A49F1E63-A2BD-4EA9-8CF8-D315FFE088A3}.Release|x64.ActiveCfg = Release|x64
		{A49F1E63-A2BD-4EA9-8CF8-D315FFE088A3}.Release|x64.Build.0 = Release|x64
		{A49F1E63-A2BD-4EA9-8CF8-D315FFE088A3}.Release|x86.ActiveCfg = Release|Win32
		{A49F1E63-A2BD-4EA9-8CF8-D315FFE088A3}.Release|x86.Build.0 = Release|Win32
	EndGlobalSection
	GlobalSection(SolutionProperties) = preSolution
		HideSolutionNode = FALSE
	EndGlobalSection
	GlobalSection(ExtensibilityGlobals) = postSolution
		SolutionGuid = {76680E06-405A-4810-85F9-25AFBA5F3CD9}
	EndGlobalSection
EndGlobal
